{
  "nodes": {
    "flake-utils": {
      "locked": {
        "lastModified": 1678901627,
        "narHash": "sha256-U02riOqrKKzwjsxc/400XnElV+UtPUQWpANPlyazjH0=",
        "owner": "numtide",
        "repo": "flake-utils",
        "rev": "93a2b84fc4b70d9e089d029deacc3583435c2ed6",
        "type": "github"
      },
      "original": {
        "owner": "numtide",
        "repo": "flake-utils",
        "type": "github"
      }
    },
    "nixpkgs-22_11": {
      "locked": {
        "lastModified": 1679472241,
        "narHash": "sha256-VK2YDic2NjPvfsuneJCLIrWS38qUfoW8rLLimx0rWXA=",
        "owner": "NixOS",
        "repo": "nixpkgs",
        "rev": "9ef6e7727f4c31507627815d4f8679c5841efb00",
        "type": "github"
      },
      "original": {
        "owner": "NixOS",
        "ref": "nixos-22.11",
        "repo": "nixpkgs",
        "type": "github"
      }
    },
    "nixpkgs-unstable": {
      "locked": {
        "lastModified": 1679659344,
        "narHash": "sha256-cZnveInsow07EimAhBXSLgOD+IRBq4Hp044nRZshifc=",
        "owner": "NixOS",
        "repo": "nixpkgs",
        "rev": "561e773904f763b27d4b8d34c2f63c4918f459a6",
        "type": "github"
      },
      "original": {
        "owner": "NixOS",
        "repo": "nixpkgs",
        "type": "github"
      }
    },
    "root": {
      "inputs": {
        "flake-utils": "flake-utils",
        "nixpkgs": [
          "nixpkgs-22_11"
        ],
        "nixpkgs-22_11": "nixpkgs-22_11",
        "nixpkgs-unstable": "nixpkgs-unstable"
      }
    }
  },
  "root": "root",
  "version": 7
}
